{
    "_meta": {
        "hash": {
            "sha256": "9c1256344b91f2f1b673e0443335368c3450230f8e92f6acd1c25eb1df0b1e1e"
        },
        "pipfile-spec": 6,
        "requires": {
            "python_version": "3.7"
        },
        "sources": [
            {
                "name": "pypi",
                "url": "https://pypi.org/simple",
                "verify_ssl": true
            }
        ]
    },
    "default": {
        "fimppy": {
            "git": "https://github.com/futurehomeno/fimppy",
            "ref": "da13de15d825188e070e14b970c164d1203b7f29"
        },
        "paho-mqtt": {
            "hashes": [
                "sha256:e440a052b46d222e184be3be38676378722072fcd4dfd2c8f509fb861a7b0b79"
            ],
            "index": "pypi",
            "version": "==1.4.0"
        }
    },
    "develop": {}
}
